
Microsoft Visual Studio Solution File, Format Version 12.00
# Visual Studio 2013
VisualStudioVersion = 12.0.21005.1
MinimumVisualStudioVersion = 10.0.40219.1
Project("{FAE04EC0-301F-11D3-BF4B-00C04F79EFBC}") = "ATM_Cash_Machine", "ATM_Cash_Machine\ATM_Cash_Machine.csproj", "{0E15001C-5949-4D04-89FE-C08DC4E7BD31}"
EndProject
Project("{FAE04EC0-301F-11D3-BF4B-00C04F79EFBC}") = "Test_Atm_Cash_Machine", "Test_Atm_Cash_Machine\Test_Atm_Cash_Machine.csproj", "{6FCFC0BB-6C87-4962-9975-A17EEE85D923}"
EndProject
Global
	GlobalSection(SolutionConfigurationPlatforms) = preSolution
		Debug|Any CPU = Debug|Any CPU
		Release|Any CPU = Release|Any CPU
	EndGlobalSection
	GlobalSection(ProjectConfigurationPlatforms) = postSolution
		{0E15001C-5949-4D04-89FE-C08DC4E7BD31}.Debug|Any CPU.ActiveCfg = Debug|Any CPU
		{0E15001C-5949-4D04-89FE-C08DC4E7BD31}.Debug|Any CPU.Build.0 = Debug|Any CPU
		{0E15001C-5949-4D04-89FE-C08DC4E7BD31}.Release|Any CPU.ActiveCfg = Release|Any CPU
		{0E15001C-5949-4D04-89FE-C08DC4E7BD31}.Release|Any CPU.Build.0 = Release|Any CPU
		{6FCFC0BB-6C87-4962-9975-A17EEE85D923}.Debug|Any CPU.ActiveCfg = Debug|Any CPU
		{6FCFC0BB-6C87-4962-9975-A17EEE85D923}.Debug|Any CPU.Build.0 = Debug|Any CPU
		{6FCFC0BB-6C87-4962-9975-A17EEE85D923}.Release|Any CPU.ActiveCfg = Release|Any CPU
		{6FCFC0BB-6C87-4962-9975-A17EEE85D923}.Release|Any CPU.Build.0 = Release|Any CPU
	EndGlobalSection
	GlobalSection(SolutionProperties) = preSolution
		HideSolutionNode = FALSE
	EndGlobalSection
EndGlobal
